
Microsoft Visual Studio Solution File, Format Version 12.00
# Visual Studio Version 16
VisualStudioVersion = 16.0.29020.237
MinimumVisualStudioVersion = 10.0.40219.1
Project("{FAE04EC0-301F-11D3-BF4B-00C04F79EFBC}") = "CommandLineParser.DependencyInjection", "CommandLineParser.DependencyInjection\CommandLineParser.DependencyInjection.csproj", "{7B3F7B26-B85B-4D35-BD5E-A2FAE8375008}"
EndProject
Project("{FAE04EC0-301F-11D3-BF4B-00C04F79EFBC}") = "CommandLineParser.DependencyInjection.Tests", "CommandLineParser.DependencyInjection.Tests\CommandLineParser.DependencyInjection.Tests.csproj", "{72B442E6-654D-4CC9-9995-0F10B86B686A}"
EndProject
Global
	GlobalSection(SolutionConfigurationPlatforms) = preSolution
		Debug|Any CPU = Debug|Any CPU
		Release|Any CPU = Release|Any CPU
	EndGlobalSection
	GlobalSection(ProjectConfigurationPlatforms) = postSolution
		{7B3F7B26-B85B-4D35-BD5E-A2FAE8375008}.Debug|Any CPU.ActiveCfg = Debug|Any CPU
		{7B3F7B26-B85B-4D35-BD5E-A2FAE8375008}.Debug|Any CPU.Build.0 = Debug|Any CPU
		{7B3F7B26-B85B-4D35-BD5E-A2FAE8375008}.Release|Any CPU.ActiveCfg = Release|Any CPU
		{7B3F7B26-B85B-4D35-BD5E-A2FAE8375008}.Release|Any CPU.Build.0 = Release|Any CPU
		{72B442E6-654D-4CC9-9995-0F10B86B686A}.Debug|Any CPU.ActiveCfg = Debug|Any CPU
		{72B442E6-654D-4CC9-9995-0F10B86B686A}.Debug|Any CPU.Build.0 = Debug|Any CPU
		{72B442E6-654D-4CC9-9995-0F10B86B686A}.Release|Any CPU.ActiveCfg = Release|Any CPU
		{72B442E6-654D-4CC9-9995-0F10B86B686A}.Release|Any CPU.Build.0 = Release|Any CPU
	EndGlobalSection
	GlobalSection(SolutionProperties) = preSolution
		HideSolutionNode = FALSE
	EndGlobalSection
	GlobalSection(ExtensibilityGlobals) = postSolution
		SolutionGuid = {55911917-AEF0-4E83-BCA4-6C31A8A4DF72}
	EndGlobalSection
EndGlobal
